
Microsoft Visual Studio Solution File, Format Version 12.00
Project("{FAE04EC0-301F-11D3-BF4B-00C04F79EFBC}") = "EmailAppBakcEnd", "EmailAppBakcEnd\EmailAppBakcEnd.csproj", "{EE9B38DA-58C5-4A8C-96DA-5DA17E9B24DF}"
EndProject
Project("{FAE04EC0-301F-11D3-BF4B-00C04F79EFBC}") = "DataApi", "DataApi\DataApi.csproj", "{1E5258B2-0AE6-4CE1-93F0-A649649E4C96}"
EndProject
Global
	GlobalSection(SolutionConfigurationPlatforms) = preSolution
		Debug|Any CPU = Debug|Any CPU
		Release|Any CPU = Release|Any CPU
	EndGlobalSection
	GlobalSection(ProjectConfigurationPlatforms) = postSolution
		{EE9B38DA-58C5-4A8C-96DA-5DA17E9B24DF}.Debug|Any CPU.ActiveCfg = Debug|Any CPU
		{EE9B38DA-58C5-4A8C-96DA-5DA17E9B24DF}.Debug|Any CPU.Build.0 = Debug|Any CPU
		{EE9B38DA-58C5-4A8C-96DA-5DA17E9B24DF}.Release|Any CPU.ActiveCfg = Release|Any CPU
		{EE9B38DA-58C5-4A8C-96DA-5DA17E9B24DF}.Release|Any CPU.Build.0 = Release|Any CPU
		{1E5258B2-0AE6-4CE1-93F0-A649649E4C96}.Debug|Any CPU.ActiveCfg = Debug|Any CPU
		{1E5258B2-0AE6-4CE1-93F0-A649649E4C96}.Debug|Any CPU.Build.0 = Debug|Any CPU
		{1E5258B2-0AE6-4CE1-93F0-A649649E4C96}.Release|Any CPU.ActiveCfg = Release|Any CPU
		{1E5258B2-0AE6-4CE1-93F0-A649649E4C96}.Release|Any CPU.Build.0 = Release|Any CPU
	EndGlobalSection
EndGlobal
